
Microsoft Visual Studio Solution File, Format Version 12.00
# Visual Studio Version 17
VisualStudioVersion = 17.4.33213.308
MinimumVisualStudioVersion = 10.0.40219.1
Project("{FAE04EC0-301F-11D3-BF4B-00C04F79EFBC}") = "Employee Wage by Switch case", "Employee Wage by Switch case\Employee Wage by Switch case.csproj", "{62030AA8-2CC8-43F6-A7B7-2D9E0FD288D6}"
EndProject
Global
	GlobalSection(SolutionConfigurationPlatforms) = preSolution
		Debug|Any CPU = Debug|Any CPU
		Release|Any CPU = Release|Any CPU
	EndGlobalSection
	GlobalSection(ProjectConfigurationPlatforms) = postSolution
		{62030AA8-2CC8-43F6-A7B7-2D9E0FD288D6}.Debug|Any CPU.ActiveCfg = Debug|Any CPU
		{62030AA8-2CC8-43F6-A7B7-2D9E0FD288D6}.Debug|Any CPU.Build.0 = Debug|Any CPU
		{62030AA8-2CC8-43F6-A7B7-2D9E0FD288D6}.Release|Any CPU.ActiveCfg = Release|Any CPU
		{62030AA8-2CC8-43F6-A7B7-2D9E0FD288D6}.Release|Any CPU.Build.0 = Release|Any CPU
	EndGlobalSection
	GlobalSection(SolutionProperties) = preSolution
		HideSolutionNode = FALSE
	EndGlobalSection
	GlobalSection(ExtensibilityGlobals) = postSolution
		SolutionGuid = {B1F3EF89-CC34-48F3-9452-0D6B3B9B818B}
	EndGlobalSection
EndGlobal
